Microsoft Visual Studio Solution File, Format Version 12.00
# Visual Studio Version 17
VisualStudioVersion = 17.10.35027.167
MinimumVisualStudioVersion = 10.0.40219.1
Project("{9A19103F-16F7-4668-BE54-9A1E7A4F7556}") = "HostingLib", "HostingLib\HostingLib.csproj", "{438D84FB-47B5-4E8C-9029-FFE2E0E5BF76}"
EndProject
Project("{9A19103F-16F7-4668-BE54-9A1E7A4F7556}") = "Test_Console", "Test_Console\Test_Console.csproj", "{9DFF119E-967D-4129-A643-5CF127B57399}"
EndProject
Project("{9A19103F-16F7-4668-BE54-9A1E7A4F7556}") = "TCPLib", "TCPLib\TCPLib.csproj", "{5B38AF20-964A-45A2-BAF0-13353A81A6CF}"
EndProject
Project("{9A19103F-16F7-4668-BE54-9A1E7A4F7556}") = "Test_Server", "Test_Server\Test_Server.csproj", "{AC384F87-ABE0-449F-BE81-DD0985BF2602}"
EndProject
Project("{9A19103F-16F7-4668-BE54-9A1E7A4F7556}") = "Client", "Client\Client.csproj", "{C4384FE5-8EAF-4B26-A2E8-A7EF55782D72}"
EndProject
Global
	GlobalSection(SolutionConfigurationPlatforms) = preSolution
		Debug|Any CPU = Debug|Any CPU
		Release|Any CPU = Release|Any CPU
	EndGlobalSection
	GlobalSection(ProjectConfigurationPlatforms) = postSolution
		{438D84FB-47B5-4E8C-9029-FFE2E0E5BF76}.Debug|Any CPU.ActiveCfg = Debug|Any CPU
		{438D84FB-47B5-4E8C-9029-FFE2E0E5BF76}.Debug|Any CPU.Build.0 = Debug|Any CPU
		{438D84FB-47B5-4E8C-9029-FFE2E0E5BF76}.Release|Any CPU.ActiveCfg = Release|Any CPU
		{438D84FB-47B5-4E8C-9029-FFE2E0E5BF76}.Release|Any CPU.Build.0 = Release|Any CPU
		{9DFF119E-967D-4129-A643-5CF127B57399}.Debug|Any CPU.ActiveCfg = Debug|Any CPU
		{9DFF119E-967D-4129-A643-5CF127B57399}.Debug|Any CPU.Build.0 = Debug|Any CPU
		{9DFF119E-967D-4129-A643-5CF127B57399}.Release|Any CPU.ActiveCfg = Release|Any CPU
		{9DFF119E-967D-4129-A643-5CF127B57399}.Release|Any CPU.Build.0 = Release|Any CPU
		{5B38AF20-964A-45A2-BAF0-13353A81A6CF}.Debug|Any CPU.ActiveCfg = Debug|Any CPU
		{5B38AF20-964A-45A2-BAF0-13353A81A6CF}.Debug|Any CPU.Build.0 = Debug|Any CPU
		{5B38AF20-964A-45A2-BAF0-13353A81A6CF}.Release|Any CPU.ActiveCfg = Release|Any CPU
		{5B38AF20-964A-45A2-BAF0-13353A81A6CF}.Release|Any CPU.Build.0 = Release|Any CPU
		{AC384F87-ABE0-449F-BE81-DD0985BF2602}.Debug|Any CPU.ActiveCfg = Debug|Any CPU
		{AC384F87-ABE0-449F-BE81-DD0985BF2602}.Debug|Any CPU.Build.0 = Debug|Any CPU
		{AC384F87-ABE0-449F-BE81-DD0985BF2602}.Release|Any CPU.ActiveCfg = Release|Any CPU
		{AC384F87-ABE0-449F-BE81-DD0985BF2602}.Release|Any CPU.Build.0 = Release|Any CPU
		{C4384FE5-8EAF-4B26-A2E8-A7EF55782D72}.Debug|Any CPU.ActiveCfg = Debug|Any CPU
		{C4384FE5-8EAF-4B26-A2E8-A7EF55782D72}.Debug|Any CPU.Build.0 = Debug|Any CPU
		{C4384FE5-8EAF-4B26-A2E8-A7EF55782D72}.Release|Any CPU.ActiveCfg = Release|Any CPU
		{C4384FE5-8EAF-4B26-A2E8-A7EF55782D72}.Release|Any CPU.Build.0 = Release|Any CPU
	EndGlobalSection
	GlobalSection(SolutionProperties) = preSolution
		HideSolutionNode = FALSE
	EndGlobalSection
	GlobalSection(ExtensibilityGlobals) = postSolution
		SolutionGuid = {AB784C77-083C-4FBF-BF23-745F5F2C6C65}
	EndGlobalSection
EndGlobal
